
Microsoft Visual Studio Solution File, Format Version 12.00
# Visual Studio Version 16
VisualStudioVersion = 16.0.29911.84
MinimumVisualStudioVersion = 10.0.40219.1
Project("{FAE04EC0-301F-11D3-BF4B-00C04F79EFBC}") = "AdvertisingAgency", "AdvertisingAgency\AdvertisingAgency.csproj", "{4973DDB7-239E-4E89-8D35-FC99C811BA5D}"
EndProject
Global
	GlobalSection(SolutionConfigurationPlatforms) = preSolution
		Debug|Any CPU = Debug|Any CPU
		Release|Any CPU = Release|Any CPU
	EndGlobalSection
	GlobalSection(ProjectConfigurationPlatforms) = postSolution
		{4973DDB7-239E-4E89-8D35-FC99C811BA5D}.Debug|Any CPU.ActiveCfg = Debug|Any CPU
		{4973DDB7-239E-4E89-8D35-FC99C811BA5D}.Debug|Any CPU.Build.0 = Debug|Any CPU
		{4973DDB7-239E-4E89-8D35-FC99C811BA5D}.Release|Any CPU.ActiveCfg = Release|Any CPU
		{4973DDB7-239E-4E89-8D35-FC99C811BA5D}.Release|Any CPU.Build.0 = Release|Any CPU
	EndGlobalSection
	GlobalSection(SolutionProperties) = preSolution
		HideSolutionNode = FALSE
	EndGlobalSection
	GlobalSection(ExtensibilityGlobals) = postSolution
		SolutionGuid = {AA5AB9DD-1479-470A-BB28-0ABD2D9F41B6}
	EndGlobalSection
EndGlobal
